
Microsoft Visual Studio Solution File, Format Version 11.00
# Visual Studio 2010
Project("{FAE04EC0-301F-11D3-BF4B-00C04F79EFBC}") = "HEPacker", "HEPacker\HEPacker.csproj", "{545F5702-8FDA-4D96-84FF-9CAA95BE73F9}"
EndProject
Global
	GlobalSection(SolutionConfigurationPlatforms) = preSolution
		Debug|x86 = Debug|x86
		Release|x86 = Release|x86
	EndGlobalSection
	GlobalSection(ProjectConfigurationPlatforms) = postSolution
		{545F5702-8FDA-4D96-84FF-9CAA95BE73F9}.Debug|x86.ActiveCfg = Debug|x86
		{545F5702-8FDA-4D96-84FF-9CAA95BE73F9}.Debug|x86.Build.0 = Debug|x86
		{545F5702-8FDA-4D96-84FF-9CAA95BE73F9}.Release|x86.ActiveCfg = Release|x86
		{545F5702-8FDA-4D96-84FF-9CAA95BE73F9}.Release|x86.Build.0 = Release|x86
	EndGlobalSection
	GlobalSection(SolutionProperties) = preSolution
		HideSolutionNode = FALSE
	EndGlobalSection
EndGlobal
